dependencies:
  espressif__ssd1306:
    component_hash: null
    source:
      path: D:\Machining-tools\VisualGDBProjects\StepperPowerFeed\components\espressif__ssd1306
      type: local
    version: 1.0.5
  idf:
    component_hash: null
    source:
      type: idf
    version: 4.4.3
manifest_hash: 0819e0e9d1041a6dc13522d783db6854d81bd259d7ff3a8805136af5028c0b22
target: esp32s3
version: 1.0.0
